
Microsoft Visual Studio Solution File, Format Version 12.00
# Visual Studio Version 17
VisualStudioVersion = 17.14.36414.22 d17.14
MinimumVisualStudioVersion = 10.0.40219.1
Project("{FAE04EC0-301F-11D3-BF4B-00C04F79EFBC}") = "ClaseDatos1", "ClaseDatos1\ClaseDatos1.csproj", "{1DBB2764-8093-4A80-879D-F2DA26301DB1}"
EndProject
Project("{FAE04EC0-301F-11D3-BF4B-00C04F79EFBC}") = "CapaServidor", "CapaServidor\CapaServidor.csproj", "{0BD3B1A6-FD90-4EA1-A2BD-77138068E2F8}"
EndProject
Global
	GlobalSection(SolutionConfigurationPlatforms) = preSolution
		Debug|Any CPU = Debug|Any CPU
		Release|Any CPU = Release|Any CPU
	EndGlobalSection
	GlobalSection(ProjectConfigurationPlatforms) = postSolution
		{1DBB2764-8093-4A80-879D-F2DA26301DB1}.Debug|Any CPU.ActiveCfg = Debug|Any CPU
		{1DBB2764-8093-4A80-879D-F2DA26301DB1}.Debug|Any CPU.Build.0 = Debug|Any CPU
		{1DBB2764-8093-4A80-879D-F2DA26301DB1}.Release|Any CPU.ActiveCfg = Release|Any CPU
		{1DBB2764-8093-4A80-879D-F2DA26301DB1}.Release|Any CPU.Build.0 = Release|Any CPU
		{0BD3B1A6-FD90-4EA1-A2BD-77138068E2F8}.Debug|Any CPU.ActiveCfg = Debug|Any CPU
		{0BD3B1A6-FD90-4EA1-A2BD-77138068E2F8}.Debug|Any CPU.Build.0 = Debug|Any CPU
		{0BD3B1A6-FD90-4EA1-A2BD-77138068E2F8}.Release|Any CPU.ActiveCfg = Release|Any CPU
		{0BD3B1A6-FD90-4EA1-A2BD-77138068E2F8}.Release|Any CPU.Build.0 = Release|Any CPU
	EndGlobalSection
	GlobalSection(SolutionProperties) = preSolution
		HideSolutionNode = FALSE
	EndGlobalSection
	GlobalSection(ExtensibilityGlobals) = postSolution
		SolutionGuid = {A0DF39A9-9158-4DC8-84EB-07AC247CB8FE}
	EndGlobalSection
EndGlobal
